# This file is automatically @generated by Cargo.
# It is not intended for manual editing.
version = 3

[[package]]
name = "danube-ast"
version = "0.1.0"
dependencies = [
 "danube-token",
]

[[package]]
name = "danube-compile"
version = "0.1.0"
dependencies = [
 "danube-ir",
]

[[package]]
name = "danube-hir"
version = "0.1.0"

[[package]]
name = "danube-hir-lowering"
version = "0.1.0"
dependencies = [
 "danube-hir",
]

[[package]]
name = "danube-ir"
version = "0.1.0"

[[package]]
name = "danube-lex"
version = "0.1.0"
dependencies = [
 "danube-span",
 "danube-token",
]

[[package]]
name = "danube-parse"
version = "0.1.0"
dependencies = [
 "danube-ast",
 "danube-lex",
 "danube-span",
 "danube-token",
]

[[package]]
name = "danube-repl"
version = "0.1.0"
dependencies = [
 "danube-vm",
]

[[package]]
name = "danube-runtime-javascript"
version = "0.1.0"
dependencies = [
 "danube-compile",
]

[[package]]
name = "danube-runtime-jvm"
version = "0.1.0"
dependencies = [
 "danube-compile",
]

[[package]]
name = "danube-runtime-native"
version = "0.1.0"
dependencies = [
 "danube-compile",
]

[[package]]
name = "danube-runtime-wasm"
version = "0.1.0"
dependencies = [
 "danube-compile",
]

[[package]]
name = "danube-span"
version = "0.1.0"

[[package]]
name = "danube-token"
version = "0.1.0"
dependencies = [
 "danube-span",
 "lazy_static",
]

[[package]]
name = "danube-typecheck"
version = "0.1.0"

[[package]]
name = "danube-vm"
version = "0.1.0"

[[package]]
name = "lazy_static"
version = "1.4.0"
source = "registry+https://github.com/rust-lang/crates.io-index"
checksum = "e2abad23fbc42b3700f2f279844dc832adb2b2eb069b2df918f455c4e18cc646"
